
Microsoft Visual Studio Solution File, Format Version 12.00
# Visual Studio 15
VisualStudioVersion = 15.0.28010.2048
MinimumVisualStudioVersion = 10.0.40219.1
Project("{FAE04EC0-301F-11D3-BF4B-00C04F79EFBC}") = "Garbage", "Garbage\Garbage.csproj", "{DF7638E1-6C85-4197-93AD-4F585A83BE05}"
EndProject
Global
	GlobalSection(SolutionConfigurationPlatforms) = preSolution
		Debug|Any CPU = Debug|Any CPU
		Release|Any CPU = Release|Any CPU
	EndGlobalSection
	GlobalSection(ProjectConfigurationPlatforms) = postSolution
		{DF7638E1-6C85-4197-93AD-4F585A83BE05}.Debug|Any CPU.ActiveCfg = Debug|Any CPU
		{DF7638E1-6C85-4197-93AD-4F585A83BE05}.Debug|Any CPU.Build.0 = Debug|Any CPU
		{DF7638E1-6C85-4197-93AD-4F585A83BE05}.Release|Any CPU.ActiveCfg = Release|Any CPU
		{DF7638E1-6C85-4197-93AD-4F585A83BE05}.Release|Any CPU.Build.0 = Release|Any CPU
	EndGlobalSection
	GlobalSection(SolutionProperties) = preSolution
		HideSolutionNode = FALSE
	EndGlobalSection
	GlobalSection(ExtensibilityGlobals) = postSolution
		SolutionGuid = {274F2F44-2880-4CA2-A82D-D921B510F674}
	EndGlobalSection
EndGlobal
